// !$*UTF8*$!
{
	archiveVersion = 1;
	classes = {
	};
	objectVersion = 50;
	objects = {

/* Begin PBXBuildFile section */
		DF7D6E9321E97C1F00657122 /* AppDelegate.swift in Sources */ = {isa = PBXBuildFile; fileRef = DF7D6E9221E97C1F00657122 /* AppDelegate.swift */; };
		DF7D6E9521E97C1F00657122 /* ViewController.swift in Sources */ = {isa = PBXBuildFile; fileRef = DF7D6E9421E97C1F00657122 /* ViewController.swift */; };
		DF7D6E9821E97C1F00657122 /* Main.storyboard in Resources */ = {isa = PBXBuildFile; fileRef = DF7D6E9621E97C1F00657122 /* Main.storyboard */; };
		DF7D6E9A21E97C2000657122 /* Assets.xcassets in Resources */ = {isa = PBXBuildFile; fileRef = DF7D6E9921E97C2000657122 /* Assets.xcassets */; };
		DF7D6E9D21E97C2000657122 /* LaunchScreen.storyboard in Resources */ = {isa = PBXBuildFile; fileRef = DF7D6E9B21E97C2000657122 /* LaunchScreen.storyboard */; };
		DF7D6EA521E97C3B00657122 /* CWBAlertView.swift in Sources */ = {isa = PBXBuildFile; fileRef = DF7D6EA421E97C3B00657122 /* CWBAlertView.swift */; };
/* End PBXBuildFile section */

/* Begin PBXFileReference section */
		DF7D6E8F21E97C1F00657122 /* CwbAlertView.app */ = {isa = PBXFileReference; explicitFileType = wrapper.application; includeInIndex = 0; path = CwbAlertView.app; sourceTree = BUILT_PRODUCTS_DIR; };
		DF7D6E9221E97C1F00657122 /* AppDelegate.swift */ = {isa = PBXFileReference; lastKnownFileType = sourcecode.swift; path = AppDelegate.swift; sourceTree = "<group>"; };
		DF7D6E9421E97C1F00657122 /* ViewController.swift */ = {isa = PBXFileReference; lastKnownFileType = sourcecode.swift; path = ViewController.swift; sourceTree = "<group>"; };
		DF7D6E9721E97C1F00657122 /* Base */ = {isa = PBXFileReference; lastKnownFileType = file.storyboard; name = Base; path = Base.lproj/Main.storyboard; sourceTree = "<group>"; };
		DF7D6E9921E97C2000657122 /* Assets.xcassets */ = {isa = PBXFileReference; lastKnownFileType = folder.assetcatalog; path = Assets.xcassets; sourceTree = "<group>"; };
		DF7D6E9C21E97C2000657122 /* Base */ = {isa = PBXFileReference; lastKnownFileType = file.storyboard; name = Base; path = Base.lproj/LaunchScreen.storyboard; sourceTree = "<group>"; };
		DF7D6E9E21E97C2000657122 /* Info.plist */ = {isa = PBXFileReference; lastKnownFileType = text.plist.xml; path = Info.plist; sourceTree = "<group>"; };
		DF7D6EA421E97C3B00657122 /* CWBAlertView.swift */ = {isa = PBXFileReference; fileEncoding = 4; lastKnownFileType = sourcecode.swift; path = CWBAlertView.swift; sourceTree = "<group>"; };
/* End PBXFileReference section */

/* Begin PBXFrameworksBuildPhase section */
		DF7D6E8C21E97C1F00657122 /* Frameworks */ = {
			isa = PBXFrameworksBuildPhase;
			buildActionMask = 2147483647;
			files = (
			);
			runOnlyForDeploymentPostprocessing = 0;
		};
/* End PBXFrameworksBuildPhase section */

/* Begin PBXGroup section */
		DF7D6E8621E97C1F00657122 = {
			isa = PBXGroup;
			children = (
				DF7D6E9121E97C1F00657122 /* CwbAlertView */,
				DF7D6E9021E97C1F00657122 /* Products */,
			);
			sourceTree = "<group>";
		};
		DF7D6E9021E97C1F00657122 /* Products */ = {
			isa = PBXGroup;
			children = (
				DF7D6E8F21E97C1F00657122 /* CwbAlertView.app */,
			);
			name = Products;
			sourceTree = "<group>";
		};
		DF7D6E9121E97C1F00657122 /* CwbAlertView */ = {
			isa = PBXGroup;
			children = (
				DF7D6E9221E97C1F00657122 /* AppDelegate.swift */,
				DF7D6E9421E97C1F00657122 /* ViewController.swift */,
				DF7D6EA421E97C3B00657122 /* CWBAlertView.swift */,
				DF7D6E9621E97C1F00657122 /* Main.storyboard */,
				DF7D6E9921E97C2000657122 /* Assets.xcassets */,
				DF7D6E9B21E97C2000657122 /* LaunchScreen.storyboard */,
				DF7D6E9E21E97C2000657122 /* Info.plist */,
			);
			path = CwbAlertView;
			sourceTree = "<group>";
		};
/* End PBXGroup section */

/* Begin PBXNativeTarget section */
		DF7D6E8E21E97C1F00657122 /* CwbAlertView */ = {
			isa = PBXNativeTarget;
			buildConfigurationList = DF7D6EA121E97C2000657122 /* Build configuration list for PBXNativeTarget "CwbAlertView" */;
			buildPhases = (
				DF7D6E8B21E97C1F00657122 /* Sources */,
				DF7D6E8C21E97C1F00657122 /* Frameworks */,
				DF7D6E8D21E97C1F00657122 /* Resources */,
			);
			buildRules = (
			);
			dependencies = (
			);
			name = CwbAlertView;
			productName = CwbAlertView;
			productReference = DF7D6E8F21E97C1F00657122 /* CwbAlertView.app */;
			productType = "com.apple.product-type.application";
		};
/* End PBXNativeTarget section */

/* Begin PBXProject section */
		DF7D6E8721E97C1F00657122 /* Project object */ = {
			isa = PBXProject;
			attributes = {
				LastSwiftUpdateCheck = 1010;
				LastUpgradeCheck = 1010;
				ORGANIZATIONNAME = com.cwb.alert;
				TargetAttributes = {
					DF7D6E8E21E97C1F00657122 = {
						CreatedOnToolsVersion = 10.1;
					};
				};
			};
			buildConfigurationList = DF7D6E8A21E97C1F00657122 /* Build configuration list for PBXProject "CwbAlertView" */;
			compatibilityVersion = "Xcode 9.3";
			developmentRegion = en;
			hasScannedForEncodings = 0;
			knownRegions = (
				en,
				Base,
			);
			mainGroup = DF7D6E8621E97C1F00657122;
			productRefGroup = DF7D6E9021E97C1F00657122 /* Products */;
			projectDirPath = "";
			projectRoot = "";
			targets = (
				DF7D6E8E21E97C1F00657122 /* CwbAlertView */,
			);
		};
/* End PBXProject section */

/* Begin PBXResourcesBuildPhase section */
		DF7D6E8D21E97C1F00657122 /* Resources */ = {
			isa = PBXResourcesBuildPhase;
			buildActionMask = 2147483647;
			files = (
				DF7D6E9D21E97C2000657122 /* LaunchScreen.storyboard in Resources */,
				DF7D6E9A21E97C2000657122 /* Assets.xcassets in Resources */,
				DF7D6E9821E97C1F00657122 /* Main.storyboard in Resources */,
			);
			runOnlyForDeploymentPostprocessing = 0;
		};
/* End PBXResourcesBuildPhase section */

/* Begin PBXSourcesBuildPhase section */
		DF7D6E8B21E97C1F00657122 /* Sources */ = {
			isa = PBXSourcesBuildPhase;
			buildActionMask = 2147483647;
			files = (
				DF7D6EA521E97C3B00657122 /* CWBAlertView.swift in Sources */,
				DF7D6E9521E97C1F00657122 /* ViewController.swift in Sources */,
				DF7D6E9321E97C1F00657122 /* AppDelegate.swift in Sources */,
			);
			runOnlyForDeploymentPostprocessing = 0;
		};
/* End PBXSourcesBuildPhase section */

/* Begin PBXVariantGroup section */
		DF7D6E9621E97C1F00657122 /* Main.storyboard */ = {
			isa = PBXVariantGroup;
			children = (
				DF7D6E9721E97C1F00657122 /* Base */,
			);
			name = Main.storyboard;
			sourceTree = "<group>";
		};
		DF7D6E9B21E97C2000657122 /* LaunchScreen.storyboard */ = {
			isa = PBXVariantGroup;
			children = (
				DF7D6E9C21E97C2000657122 /* Base */,
			);
			name = LaunchScreen.storyboard;
			sourceTree = "<group>";
		};
/* End PBXVariantGroup section */

/* Begin XCBuildConfiguration section */
		DF7D6E9F21E97C2000657122 /* Debug */ = {
			isa = XCBuildConfiguration;
			buildSettings = {
				ALWAYS_SEARCH_USER_PATHS = NO;
				CLANG_ANALYZER_NONNULL = YES;
				CLANG_ANALYZER_NUMBER_OBJECT_CONVERSION = YES_AGGRESSIVE;
				CLANG_CXX_LANGUAGE_STANDARD = "gnu++14";
				CLANG_CXX_LIBRARY = "libc++";
				CLANG_ENABLE_MODULES = YES;
				CLANG_ENABLE_OBJC_ARC = YES;
				CLANG_ENABLE_OBJC_WEAK = YES;
				CLANG_WARN_BLOCK_CAPTURE_AUTORELEASING = YES;
				CLANG_WARN_BOOL_CONVERSION = YES;
				CLANG_WARN_COMMA = YES;
				CLANG_WARN_CONSTANT_CONVERSION = YES;
				CLANG_WARN_DEPRECATED_OBJC_IMPLEMENTATIONS = YES;
				CLANG_WARN_DIRECT_OBJC_ISA_USAGE = YES_ERROR;
				CLANG_WARN_DOCUMENTATION_COMMENTS = YES;
				CLANG_WARN_EMPTY_BODY = YES;
				CLANG_WARN_ENUM_CONVERSION = YES;
				CLANG_WARN_INFINITE_RECURSION = YES;
				CLANG_WARN_INT_CONVERSION = YES;
				CLANG_WARN_NON_LITERAL_NULL_CONVERSION = YES;
				CLANG_WARN_OBJC_IMPLICIT_RETAIN_SELF = YES;
				CLANG_WARN_OBJC_LITERAL_CONVERSION = YES;
				CLANG_WARN_OBJC_ROOT_CLASS = YES_ERROR;
				CLANG_WARN_RANGE_LOOP_ANALYSIS = YES;
				CLANG_WARN_STRICT_PROTOTYPES = YES;
				CLANG_WARN_SUSPICIOUS_MOVE = YES;
				CLANG_WARN_UNGUARDED_AVAILABILITY = YES_AGGRESSIVE;
				CLANG_WARN_UNREACHABLE_CODE = YES;
				CLANG_WARN__DUPLICATE_METHOD_MATCH = YES;
				CODE_SIGN_IDENTITY = "iPhone Developer";
				COPY_PHASE_STRIP = NO;
				DEBUG_INFORMATION_FORMAT = dwarf;
				ENABLE_STRICT_OBJC_MSGSEND = YES;
				ENABLE_TESTABILITY = YES;
				GCC_C_LANGUAGE_STANDARD = gnu11;
				GCC_DYNAMIC_NO_PIC = NO;
				GCC_NO_COMMON_BLOCKS = YES;
				GCC_OPTIMIZATION_LEVEL = 0;
				GCC_PREPROCESSOR_DEFINITIONS = (
					"DEBUG=1",
					"$(inherited)",
				);
				GCC_WARN_64_TO_32_BIT_CONVERSION = YES;
				GCC_WARN_ABOUT_RETURN_TYPE = YES_ERROR;
				GCC_WARN_UNDECLARED_SELECTOR = YES;
				GCC_WARN_UNINITIALIZED_AUTOS = YES_AGGRESSIVE;
				GCC_WARN_UNUSED_FUNCTION = YES;
				GCC_WARN_UNUSED_VARIABLE = YES;
				IPHONEOS_DEPLOYMENT_TARGET = 12.1;
				MTL_ENABLE_DEBUG_INFO = INCLUDE_SOURCE;
				MTL_FAST_MATH = YES;
				ONLY_ACTIVE_ARCH = YES;
				SDKROOT = iphoneos;
				SWIFT_ACTIVE_COMPILATION_CONDITIONS = DEBUG;
				SWIFT_OPTIMIZATION_LEVEL = "-Onone";
			};
			name = Debug;
		};
		DF7D6EA021E97C2000657122 /* Release */ = {
			isa = XCBuildConfiguration;
			buildSettings = {
				ALWAYS_SEARCH_USER_PATHS = NO;
				CLANG_ANALYZER_NONNULL = YES;
				CLANG_ANALYZER_NUMBER_OBJECT_CONVERSION = YES_AGGRESSIVE;
				CLANG_CXX_LANGUAGE_STANDARD = "gnu++14";
				CLANG_CXX_LIBRARY = "libc++";
				CLANG_ENABLE_MODULES = YES;
				CLANG_ENABLE_OBJC_ARC = YES;
				CLANG_ENABLE_OBJC_WEAK = YES;
				CLANG_WARN_BLOCK_CAPTURE_AUTORELEASING = YES;
				CLANG_WARN_BOOL_CONVERSION = YES;
				CLANG_WARN_COMMA = YES;
				CLANG_WARN_CONSTANT_CONVERSION = YES;
				CLANG_WARN_DEPRECATED_OBJC_IMPLEMENTATIONS = YES;
				CLANG_WARN_DIRECT_OBJC_ISA_USAGE = YES_ERROR;
				CLANG_WARN_DOCUMENTATION_COMMENTS = YES;
				CLANG_WARN_EMPTY_BODY = YES;
				CLANG_WARN_ENUM_CONVERSION = YES;
				CLANG_WARN_INFINITE_RECURSION = YES;
				CLANG_WARN_INT_CONVERSION = YES;
				CLANG_WARN_NON_LITERAL_NULL_CONVERSION = YES;
				CLANG_WARN_OBJC_IMPLICIT_RETAIN_SELF = YES;
				CLANG_WARN_OBJC_LITERAL_CONVERSION = YES;
				CLANG_WARN_OBJC_ROOT_CLASS = YES_ERROR;
				CLANG_WARN_RANGE_LOOP_ANALYSIS = YES;
				CLANG_WARN_STRICT_PROTOTYPES = YES;
				CLANG_WARN_SUSPICIOUS_MOVE = YES;
				CLANG_WARN_UNGUARDED_AVAILABILITY = YES_AGGRESSIVE;
				CLANG_WARN_UNREACHABLE_CODE = YES;
				CLANG_WARN__DUPLICATE_METHOD_MATCH = YES;
				CODE_SIGN_IDENTITY = "iPhone Developer";
				COPY_PHASE_STRIP = NO;
				DEBUG_INFORMATION_FORMAT = "dwarf-with-dsym";
				ENABLE_NS_ASSERTIONS = NO;
				ENABLE_STRICT_OBJC_MSGSEND = YES;
				GCC_C_LANGUAGE_STANDARD = gnu11;
				GCC_NO_COMMON_BLOCKS = YES;
				GCC_WARN_64_TO_32_BIT_CONVERSION = YES;
				GCC_WARN_ABOUT_RETURN_TYPE = YES_ERROR;
				GCC_WARN_UNDECLARED_SELECTOR = YES;
				GCC_WARN_UNINITIALIZED_AUTOS = YES_AGGRESSIVE;
				GCC_WARN_UNUSED_FUNCTION = YES;
				GCC_WARN_UNUSED_VARIABLE = YES;
				IPHONEOS_DEPLOYMENT_TARGET = 12.1;
				MTL_ENABLE_DEBUG_INFO = NO;
				MTL_FAST_MATH = YES;
				SDKROOT = iphoneos;
				SWIFT_COMPILATION_MODE = wholemodule;
				SWIFT_OPTIMIZATION_LEVEL = "-O";
				VALIDATE_PRODUCT = YES;
			};
			name = Release;
		};
		DF7D6EA221E97C2000657122 /* Debug */ = {
			isa = XCBuildConfiguration;
			buildSettings = {
				ASSETCATALOG_COMPILER_APPICON_NAME = AppIcon;
				CODE_SIGN_IDENTITY = "iPhone Developer";
				CODE_SIGN_STYLE = Automatic;
				DEVELOPMENT_TEAM = 7P37J97HN2;
				INFOPLIST_FILE = CwbAlertView/Info.plist;
				IPHONEOS_DEPLOYMENT_TARGET = 9.0;
				LD_RUNPATH_SEARCH_PATHS = (
					"$(inherited)",
					"@executable_path/Frameworks",
				);
				PRODUCT_BUNDLE_IDENTIFIER = com.CWB.alert.CwbAlertView;
				PRODUCT_NAME = "$(TARGET_NAME)";
				PROVISIONING_PROFILE_SPECIFIER = "";
				SWIFT_VERSION = 4.2;
				TARGETED_DEVICE_FAMILY = 1;
			};
			name = Debug;
		};
		DF7D6EA321E97C2000657122 /* Release */ = {
			isa = XCBuildConfiguration;
			buildSettings = {
				ASSETCATALOG_COMPILER_APPICON_NAME = AppIcon;
				CODE_SIGN_IDENTITY = "iPhone Developer";
				CODE_SIGN_STYLE = Automatic;
				DEVELOPMENT_TEAM = 7P37J97HN2;
				INFOPLIST_FILE = CwbAlertView/Info.plist;
				IPHONEOS_DEPLOYMENT_TARGET = 9.0;
				LD_RUNPATH_SEARCH_PATHS = (
					"$(inherited)",
					"@executable_path/Frameworks",
				);
				PRODUCT_BUNDLE_IDENTIFIER = com.CWB.alert.CwbAlertView;
				PRODUCT_NAME = "$(TARGET_NAME)";
				PROVISIONING_PROFILE_SPECIFIER = "";
				SWIFT_VERSION = 4.2;
				TARGETED_DEVICE_FAMILY = 1;
			};
			name = Release;
		};
/* End XCBuildConfiguration section */

/* Begin XCConfigurationList section */
		DF7D6E8A21E97C1F00657122 /* Build configuration list for PBXProject "CwbAlertView" */ = {
			isa = XCConfigurationList;
			buildConfigurations = (
				DF7D6E9F21E97C2000657122 /* Debug */,
				DF7D6EA021E97C2000657122 /* Release */,
			);
			defaultConfigurationIsVisible = 0;
			defaultConfigurationName = Release;
		};
		DF7D6EA121E97C2000657122 /* Build configuration list for PBXNativeTarget "CwbAlertView" */ = {
			isa = XCConfigurationList;
			buildConfigurations = (
				DF7D6EA221E97C2000657122 /* Debug */,
				DF7D6EA321E97C2000657122 /* Release */,
			);
			defaultConfigurationIsVisible = 0;
			defaultConfigurationName = Release;
		};
/* End XCConfigurationList section */
	};
	rootObject = DF7D6E8721E97C1F00657122 /* Project object */;
}
